{
  "name": "tp-pds-grupo-4",
  "lockfileVersion": 3,
  "requires": true,
  "packages": {
    "": {
      "name": "tp-pds-grupo-4",
      "workspaces": [
        "packages/api-vuelos"
      ]
    },
    "node_modules/api-vuelos": {
      "resolved": "packages/api-vuelos",
      "link": true
    },
    "packages/api-vuelos": {
      "version": "1.0.0"
    }
  }
}
